{
  "name": "firecrawl-ui",
  "version": "1.0.0",
  "lockfileVersion": 3,
  "requires": true,
  "packages": {
    "": {
      "name": "firecrawl-ui",
      "version": "1.0.0",
      "dependencies": {
        "firecrawl-ui": "file:"
      }
    },
    "node_modules/firecrawl-ui": {
      "resolved": "",
      "link": true
    }
  }
}
